
Microsoft Visual Studio Solution File, Format Version 12.00
# Visual Studio Version 16
VisualStudioVersion = 16.0.32106.194
MinimumVisualStudioVersion = 10.0.40219.1
Project("{FAE04EC0-301F-11D3-BF4B-00C04F79EFBC}") = "YazıYazmaProgramı", "YazıYazmaProgramı\YazıYazmaProgramı.csproj", "{6DEFB357-1338-4E9B-94B5-1306518C1E6D}"
EndProject
Global
	GlobalSection(SolutionConfigurationPlatforms) = preSolution
		Debug|Any CPU = Debug|Any CPU
		Release|Any CPU = Release|Any CPU
	EndGlobalSection
	GlobalSection(ProjectConfigurationPlatforms) = postSolution
		{6DEFB357-1338-4E9B-94B5-1306518C1E6D}.Debug|Any CPU.ActiveCfg = Debug|Any CPU
		{6DEFB357-1338-4E9B-94B5-1306518C1E6D}.Debug|Any CPU.Build.0 = Debug|Any CPU
		{6DEFB357-1338-4E9B-94B5-1306518C1E6D}.Release|Any CPU.ActiveCfg = Release|Any CPU
		{6DEFB357-1338-4E9B-94B5-1306518C1E6D}.Release|Any CPU.Build.0 = Release|Any CPU
	EndGlobalSection
	GlobalSection(SolutionProperties) = preSolution
		HideSolutionNode = FALSE
	EndGlobalSection
	GlobalSection(ExtensibilityGlobals) = postSolution
		SolutionGuid = {3B2BD9F7-A0AB-42B3-846C-5765934FBAFB}
	EndGlobalSection
EndGlobal
